
Microsoft Visual Studio Solution File, Format Version 12.00
# Visual Studio 15
Project("{FAE04EC0-301F-11D3-BF4B-00C04F79EFBC}") = "Unity.Timeline", "Unity.Timeline.csproj", "{108EE1AD-C5C6-2929-3FA8-D08FAB77F0D8}"
EndProject
Project("{FAE04EC0-301F-11D3-BF4B-00C04F79EFBC}") = "Unity.Timeline.Editor", "Unity.Timeline.Editor.csproj", "{971BD89C-4DF4-6639-66CD-3AA0BDBF7EF3}"
EndProject
Project("{FAE04EC0-301F-11D3-BF4B-00C04F79EFBC}") = "UnityEngine.Advertisements.Editor", "UnityEngine.Advertisements.Editor.csproj", "{8ACEA263-0064-546A-C895-5F1FD98D2C2A}"
EndProject
Project("{FAE04EC0-301F-11D3-BF4B-00C04F79EFBC}") = "Unity.TextMeshPro.Editor", "Unity.TextMeshPro.Editor.csproj", "{9B8998A1-A830-6F59-4212-38321E3664FF}"
EndProject
Project("{FAE04EC0-301F-11D3-BF4B-00C04F79EFBC}") = "Unity.Services.Core.Internal", "Unity.Services.Core.Internal.csproj", "{92CBD870-BD2F-C89F-481D-B069AF4B191F}"
EndProject
Project("{FAE04EC0-301F-11D3-BF4B-00C04F79EFBC}") = "Unity.VisualScripting.Flow", "Unity.VisualScripting.Flow.csproj", "{EAAFFF24-342F-FFD5-6C31-A7FCDB5C62DD}"
EndProject
Project("{FAE04EC0-301F-11D3-BF4B-00C04F79EFBC}") = "UnityEditor.UI", "UnityEditor.UI.csproj", "{286F68C4-B012-DC1F-4FC7-D5B9F5ED1B56}"
EndProject
Project("{FAE04EC0-301F-11D3-BF4B-00C04F79EFBC}") = "Unity.PlasticSCM.Editor", "Unity.PlasticSCM.Editor.csproj", "{B5C4D0D4-6586-525F-3890-AAD321DDFF53}"
EndProject
Project("{FAE04EC0-301F-11D3-BF4B-00C04F79EFBC}") = "UnityEditor.Purchasing", "UnityEditor.Purchasing.csproj", "{A3A2F756-F3CA-B283-EFC7-F99709E64C07}"
EndProject
Project("{FAE04EC0-301F-11D3-BF4B-00C04F79EFBC}") = "Unity.VisualScripting.Core", "Unity.VisualScripting.Core.csproj", "{ECBA8849-0177-AD87-E11B-F58D294163B4}"
EndProject
Project("{FAE04EC0-301F-11D3-BF4B-00C04F79EFBC}") = "PhotonChat", "PhotonChat.csproj", "{7DE407D2-A76D-AFFB-E5B6-132DC46A1136}"
EndProject
Project("{FAE04EC0-301F-11D3-BF4B-00C04F79EFBC}") = "PhotonUnityNetworking.Demos", "PhotonUnityNetworking.Demos.csproj", "{B7AC9223-0A68-3E58-F5C4-1E2F4F1C85FC}"
EndProject
Project("{FAE04EC0-301F-11D3-BF4B-00C04F79EFBC}") = "Unity.VisualScripting.Core.Editor", "Unity.VisualScripting.Core.Editor.csproj", "{3A5901BB-C3EE-64E6-9810-4EA15B4357C9}"
EndProject
Project("{FAE04EC0-301F-11D3-BF4B-00C04F79EFBC}") = "UnityEngine.Purchasing.Stores", "UnityEngine.Purchasing.Stores.csproj", "{6B9FF588-A1C2-E69B-FDEF-D24AE28A6A5F}"
EndProject
Project("{FAE04EC0-301F-11D3-BF4B-00C04F79EFBC}") = "UnityEngine.Advertisements", "UnityEngine.Advertisements.csproj", "{DDE7F848-CB60-9D1F-3363-69236CC87972}"
EndProject
Project("{FAE04EC0-301F-11D3-BF4B-00C04F79EFBC}") = "UnityEngine.Purchasing", "UnityEngine.Purchasing.csproj", "{DAA16DFE-0F1F-0E58-3F68-70FBEED69BE3}"
EndProject
Project("{FAE04EC0-301F-11D3-BF4B-00C04F79EFBC}") = "Unity.Services.Analytics", "Unity.Services.Analytics.csproj", "{92CA3FA4-1830-7F82-597A-A4B203AA2F46}"
EndProject
Project("{FAE04EC0-301F-11D3-BF4B-00C04F79EFBC}") = "UnityEngine.Advertisements.DevX.Editor", "UnityEngine.Advertisements.DevX.Editor.csproj", "{95572DC0-3859-E931-EF09-D7A64FFE6649}"
EndProject
Project("{FAE04EC0-301F-11D3-BF4B-00C04F79EFBC}") = "UnityEditor.TestRunner", "UnityEditor.TestRunner.csproj", "{EC96A913-ECA7-A616-F6EE-A6E6C183CFEB}"
EndProject
Project("{FAE04EC0-301F-11D3-BF4B-00C04F79EFBC}") = "Unity.VisualScripting.Flow.Editor", "Unity.VisualScripting.Flow.Editor.csproj", "{EA0689A4-B5D6-AC7A-3410-A3114145D277}"
EndProject
Project("{FAE04EC0-301F-11D3-BF4B-00C04F79EFBC}") = "Unity.VisualScripting.SettingsProvider.Editor", "Unity.VisualScripting.SettingsProvider.Editor.csproj", "{C100A47D-4B32-1480-D94D-20184547DF04}"
EndProject
Project("{FAE04EC0-301F-11D3-BF4B-00C04F79EFBC}") = "UnityEngine.TestRunner", "UnityEngine.TestRunner.csproj", "{4DE1A591-FC81-111A-617B-289E91762F59}"
EndProject
Project("{FAE04EC0-301F-11D3-BF4B-00C04F79EFBC}") = "Assembly-CSharp", "Assembly-CSharp.csproj", "{65A9B072-A42A-F627-EFFD-B4FD15AD26F1}"
EndProject
Project("{FAE04EC0-301F-11D3-BF4B-00C04F79EFBC}") = "Unity.Services.Core.Environments.Editor", "Unity.Services.Core.Environments.Editor.csproj", "{EB0738F6-01CE-7BE0-3D4A-93CB5125C982}"
EndProject
Project("{FAE04EC0-301F-11D3-BF4B-00C04F79EFBC}") = "Unity.Services.Core.Editor", "Unity.Services.Core.Editor.csproj", "{E5F9D582-FDCF-653A-9C0D-A47B5000BC8D}"
EndProject
Project("{FAE04EC0-301F-11D3-BF4B-00C04F79EFBC}") = "PhotonRealtime", "PhotonRealtime.csproj", "{0E307D95-EAF6-68A8-0C86-9CB4FE273423}"
EndProject
Project("{FAE04EC0-301F-11D3-BF4B-00C04F79EFBC}") = "UnityEngine.UI", "UnityEngine.UI.csproj", "{35598054-64CA-2FA0-E212-B3F6795B2E26}"
EndProject
Project("{FAE04EC0-301F-11D3-BF4B-00C04F79EFBC}") = "Unity.VisualStudio.Editor", "Unity.VisualStudio.Editor.csproj", "{2CA9002E-06FB-A554-AF75-3A98876C0A64}"
EndProject
Project("{FAE04EC0-301F-11D3-BF4B-00C04F79EFBC}") = "Unity.TestTools.CodeCoverage.Editor.OpenCover.Model", "Unity.TestTools.CodeCoverage.Editor.OpenCover.Model.csproj", "{0D5D9C92-0E0A-1930-1279-193A2D7FD1C1}"
EndProject
Project("{FAE04EC0-301F-11D3-BF4B-00C04F79EFBC}") = "Unity.Rider.Editor", "Unity.Rider.Editor.csproj", "{6A802D7A-02F0-4F3B-CC3B-FB7A3E5D56F6}"
EndProject
Project("{FAE04EC0-301F-11D3-BF4B-00C04F79EFBC}") = "Unity.Postprocessing.Runtime", "Unity.Postprocessing.Runtime.csproj", "{28FA4C75-883B-42A5-98DA-00C33199E379}"
EndProject
Project("{FAE04EC0-301F-11D3-BF4B-00C04F79EFBC}") = "PhotonUnityNetworking.Editor", "PhotonUnityNetworking.Editor.csproj", "{8F779669-9636-1663-C596-30AC105857B7}"
EndProject
Project("{FAE04EC0-301F-11D3-BF4B-00C04F79EFBC}") = "Unity.Services.Core.Environments.Internal", "Unity.Services.Core.Environments.Internal.csproj", "{3AE417B5-1F2E-3AD9-3CE5-9EE541DC2E12}"
EndProject
Project("{FAE04EC0-301F-11D3-BF4B-00C04F79EFBC}") = "Unity.Services.Core.Telemetry", "Unity.Services.Core.Telemetry.csproj", "{48F42590-6193-FE3E-0108-FDE6C8B5369E}"
EndProject
Project("{FAE04EC0-301F-11D3-BF4B-00C04F79EFBC}") = "UnityEngine.Purchasing.Codeless", "UnityEngine.Purchasing.Codeless.csproj", "{5F78FB65-FF0B-D25F-E48F-92B7D23D0388}"
EndProject
Project("{FAE04EC0-301F-11D3-BF4B-00C04F79EFBC}") = "Unity.Services.Core.Configuration", "Unity.Services.Core.Configuration.csproj", "{479B9875-FFB5-945C-113B-9CA7D8B8176C}"
EndProject
Project("{FAE04EC0-301F-11D3-BF4B-00C04F79EFBC}") = "Unity.VisualScripting.State.Editor", "Unity.VisualScripting.State.Editor.csproj", "{6DC27931-B3C8-A4DD-ED33-BEABE01E16EA}"
EndProject
Project("{FAE04EC0-301F-11D3-BF4B-00C04F79EFBC}") = "Unity.TestTools.CodeCoverage.Editor", "Unity.TestTools.CodeCoverage.Editor.csproj", "{02298A2F-639E-64C1-D638-883BA6435076}"
EndProject
Project("{FAE04EC0-301F-11D3-BF4B-00C04F79EFBC}") = "Unity.Services.Core.Configuration.Editor", "Unity.Services.Core.Configuration.Editor.csproj", "{6C8BF306-A133-0A39-7D35-268D353F0F6F}"
EndProject
Project("{FAE04EC0-301F-11D3-BF4B-00C04F79EFBC}") = "PhotonUnityNetworking", "PhotonUnityNetworking.csproj", "{B80DAAA9-D12F-932B-F171-1104EB23415C}"
EndProject
Project("{FAE04EC0-301F-11D3-BF4B-00C04F79EFBC}") = "Unity.Services.Core", "Unity.Services.Core.csproj", "{28131404-678F-0817-B449-83E19CB97E34}"
EndProject
Project("{FAE04EC0-301F-11D3-BF4B-00C04F79EFBC}") = "Unity.Postprocessing.Editor", "Unity.Postprocessing.Editor.csproj", "{E1B63708-2E36-D909-9DDB-A2AFE9AC1949}"
EndProject
Project("{FAE04EC0-301F-11D3-BF4B-00C04F79EFBC}") = "Unity.VisualScripting.State", "Unity.VisualScripting.State.csproj", "{781A98BB-4BB1-C83C-BCE9-EFDF899D0AB4}"
EndProject
Project("{FAE04EC0-301F-11D3-BF4B-00C04F79EFBC}") = "Unity.TextMeshPro", "Unity.TextMeshPro.csproj", "{03F17BB0-88BE-2881-10AA-FDC9A4E7AC79}"
EndProject
Project("{FAE04EC0-301F-11D3-BF4B-00C04F79EFBC}") = "Unity.Services.Core.Networking", "Unity.Services.Core.Networking.csproj", "{8B813A7E-470F-8C3B-8E9E-56A973758849}"
EndProject
Project("{FAE04EC0-301F-11D3-BF4B-00C04F79EFBC}") = "Unity.Performance.Profile-Analyzer.Editor", "Unity.Performance.Profile-Analyzer.Editor.csproj", "{E4E5069D-8962-E4A8-6822-D681616349C4}"
EndProject
Project("{FAE04EC0-301F-11D3-BF4B-00C04F79EFBC}") = "Unity.Services.Core.Scheduler", "Unity.Services.Core.Scheduler.csproj", "{BD030035-70F3-0184-9230-1C9B232752DD}"
EndProject
Project("{FAE04EC0-301F-11D3-BF4B-00C04F79EFBC}") = "Unity.Services.Analytics.Editor", "Unity.Services.Analytics.Editor.csproj", "{A5E7C460-0C12-5335-0517-99B1451942D4}"
EndProject
Project("{FAE04EC0-301F-11D3-BF4B-00C04F79EFBC}") = "Unity.VSCode.Editor", "Unity.VSCode.Editor.csproj", "{EA74A06B-5D5A-97EA-0306-B2E54EFA659D}"
EndProject
Project("{FAE04EC0-301F-11D3-BF4B-00C04F79EFBC}") = "Unity.TestTools.CodeCoverage.Editor.OpenCover.Mono.Reflection", "Unity.TestTools.CodeCoverage.Editor.OpenCover.Mono.Reflection.csproj", "{A67B3EEE-9893-0997-9F18-138D3CEDB2B5}"
EndProject
Project("{FAE04EC0-301F-11D3-BF4B-00C04F79EFBC}") = "PhotonUnityNetworking.Utilities.PhotonPlayer.Editor", "PhotonUnityNetworking.Utilities.PhotonPlayer.Editor.csproj", "{123BCC36-B39B-32BD-6E74-5673485F482B}"
EndProject
Project("{FAE04EC0-301F-11D3-BF4B-00C04F79EFBC}") = "UnityEngine.Purchasing.AppleMacosStub", "UnityEngine.Purchasing.AppleMacosStub.csproj", "{F8BA57BA-F6EF-4EBC-C8BC-D6A0501E568F}"
EndProject
Project("{FAE04EC0-301F-11D3-BF4B-00C04F79EFBC}") = "Unity.Analytics.DataPrivacy", "Unity.Analytics.DataPrivacy.csproj", "{1345E229-F81F-F446-8FDF-37FDDE0572CE}"
EndProject
Project("{FAE04EC0-301F-11D3-BF4B-00C04F79EFBC}") = "UnityEngine.Purchasing.SecurityStub", "UnityEngine.Purchasing.SecurityStub.csproj", "{E02454D0-AA8E-C4E9-82FD-FF7BF3D13E13}"
EndProject
Project("{FAE04EC0-301F-11D3-BF4B-00C04F79EFBC}") = "Unity.Settings.Editor", "Unity.Settings.Editor.csproj", "{A1085D97-FA01-B5FA-997B-48665A61D459}"
EndProject
Project("{FAE04EC0-301F-11D3-BF4B-00C04F79EFBC}") = "Unity.Services.Core.Registration", "Unity.Services.Core.Registration.csproj", "{A5F2F7AC-8E00-FF20-8CA3-496404467C29}"
EndProject
Project("{FAE04EC0-301F-11D3-BF4B-00C04F79EFBC}") = "PhotonUnityNetworking.Utilities", "PhotonUnityNetworking.Utilities.csproj", "{0A6C2569-E088-7725-AC70-F4A5CD9E2F0B}"
EndProject
Project("{FAE04EC0-301F-11D3-BF4B-00C04F79EFBC}") = "UnityEngine.Purchasing.SecurityCore", "UnityEngine.Purchasing.SecurityCore.csproj", "{95CBC00E-7CB6-9A39-B975-508DEB97C0E2}"
EndProject
Project("{FAE04EC0-301F-11D3-BF4B-00C04F79EFBC}") = "UnityEngine.Purchasing.WinRTStub", "UnityEngine.Purchasing.WinRTStub.csproj", "{5A0FC15F-D5B1-F030-BB70-2878D922938F}"
EndProject
Project("{FAE04EC0-301F-11D3-BF4B-00C04F79EFBC}") = "Unity.Services.Core.Analytics", "Unity.Services.Core.Analytics.csproj", "{3AE66722-7B0A-0536-D40C-7DFCD68479E7}"
EndProject
Project("{FAE04EC0-301F-11D3-BF4B-00C04F79EFBC}") = "Unity.Services.Core.Threading", "Unity.Services.Core.Threading.csproj", "{54F3B6EE-1018-94F1-A016-9E195314BB0A}"
EndProject
Project("{FAE04EC0-301F-11D3-BF4B-00C04F79EFBC}") = "UnityEngine.Purchasing.AppleStub", "UnityEngine.Purchasing.AppleStub.csproj", "{E1C2A3D1-B109-2CBE-0F6B-3684E8367E13}"
EndProject
Project("{FAE04EC0-301F-11D3-BF4B-00C04F79EFBC}") = "Unity.EditorCoroutines.Editor", "Unity.EditorCoroutines.Editor.csproj", "{218B05B8-76D8-B878-6363-8E32CF7CCB53}"
EndProject
Project("{FAE04EC0-301F-11D3-BF4B-00C04F79EFBC}") = "Unity.Services.Core.Device", "Unity.Services.Core.Device.csproj", "{EF701FDC-86B6-D584-E9AD-40DE77B4C28C}"
EndProject
Project("{FAE04EC0-301F-11D3-BF4B-00C04F79EFBC}") = "UnityEngine.Purchasing.WinRTCore", "UnityEngine.Purchasing.WinRTCore.csproj", "{6D52D4C3-E7B6-3A37-10FC-DFF0463B5009}"
EndProject
Project("{FAE04EC0-301F-11D3-BF4B-00C04F79EFBC}") = "Purchasing.Common", "Purchasing.Common.csproj", "{903919D1-09B3-2579-D39A-FF8FA397E2D1}"
EndProject
Project("{FAE04EC0-301F-11D3-BF4B-00C04F79EFBC}") = "PunDemos.DemoSlotcarEditor", "PunDemos.DemoSlotcarEditor.csproj", "{BBC7973F-69AB-98FD-3BBA-F103F2A144E9}"
EndProject
Project("{FAE04EC0-301F-11D3-BF4B-00C04F79EFBC}") = "Unity.Services.Core.Environments", "Unity.Services.Core.Environments.csproj", "{FB886FC2-2E75-0549-D93E-500E154F7FF7}"
EndProject
Project("{FAE04EC0-301F-11D3-BF4B-00C04F79EFBC}") = "PhotonUnityNetworking.Utilities.Culling.Editor", "PhotonUnityNetworking.Utilities.Culling.Editor.csproj", "{D8059064-2CD2-5359-DCF7-28A4DBA2C83C}"
EndProject
Project("{FAE04EC0-301F-11D3-BF4B-00C04F79EFBC}") = "PunDemos.DemoHubEditor", "PunDemos.DemoHubEditor.csproj", "{3000BB3E-3426-2867-6B73-05A42862D891}"
EndProject
Project("{FAE04EC0-301F-11D3-BF4B-00C04F79EFBC}") = "Assembly-CSharp-Editor", "Assembly-CSharp-Editor.csproj", "{76ACB4CD-F50E-06C8-EF5D-FE4F2166248C}"
EndProject
Project("{FAE04EC0-301F-11D3-BF4B-00C04F79EFBC}") = "UnityEngine.Purchasing.AppleCore", "UnityEngine.Purchasing.AppleCore.csproj", "{07DC1EA5-F277-E922-0EA7-9192DB03A6F8}"
EndProject
Project("{FAE04EC0-301F-11D3-BF4B-00C04F79EFBC}") = "Unity.VisualScripting.Shared.Editor", "Unity.VisualScripting.Shared.Editor.csproj", "{D8BAB2DB-5773-6008-255C-7B3D2FB85F9F}"
EndProject
Project("{FAE04EC0-301F-11D3-BF4B-00C04F79EFBC}") = "Unity.CollabProxy.Editor", "Unity.CollabProxy.Editor.csproj", "{6F24DC3F-8E0F-4D7D-06A5-1B09631964F5}"
EndProject
Project("{FAE04EC0-301F-11D3-BF4B-00C04F79EFBC}") = "Analytics", "Analytics.csproj", "{4B82492B-B627-8782-FD08-44FF8156C0A6}"
EndProject
Project("{FAE04EC0-301F-11D3-BF4B-00C04F79EFBC}") = "Unity.Timeline", "Unity.Timeline.Player.csproj", "{AA9E8A49-7810-FCD0-414F-68B79D66644D}"
EndProject
Project("{FAE04EC0-301F-11D3-BF4B-00C04F79EFBC}") = "Unity.Services.Core.Internal", "Unity.Services.Core.Internal.Player.csproj", "{AD17517F-4B80-E4A4-507C-345907ACDB64}"
EndProject
Project("{FAE04EC0-301F-11D3-BF4B-00C04F79EFBC}") = "Unity.VisualScripting.Flow", "Unity.VisualScripting.Flow.Player.csproj", "{0A0267B8-ADC3-5537-E2E7-9270FA234D6D}"
EndProject
Project("{FAE04EC0-301F-11D3-BF4B-00C04F79EFBC}") = "Unity.VisualScripting.Core", "Unity.VisualScripting.Core.Player.csproj", "{34EB461C-6D8A-0F2F-AC9D-CFECC6488890}"
EndProject
Project("{FAE04EC0-301F-11D3-BF4B-00C04F79EFBC}") = "PhotonChat", "PhotonChat.Player.csproj", "{40B5E5E5-7825-EA0C-4A09-B7327B56E344}"
EndProject
Project("{FAE04EC0-301F-11D3-BF4B-00C04F79EFBC}") = "PhotonUnityNetworking.Demos", "PhotonUnityNetworking.Demos.Player.csproj", "{0CA48A05-AC8F-AB0B-C4DB-B89754D364BE}"
EndProject
Project("{FAE04EC0-301F-11D3-BF4B-00C04F79EFBC}") = "UnityEngine.Purchasing.Stores", "UnityEngine.Purchasing.Stores.Player.csproj", "{270A14C3-BCCF-04F0-453F-5ADC9493BCC0}"
EndProject
Project("{FAE04EC0-301F-11D3-BF4B-00C04F79EFBC}") = "UnityEngine.Advertisements", "UnityEngine.Advertisements.Player.csproj", "{850AF6E7-AD54-41F1-9446-C34EBB09D0F8}"
EndProject
Project("{FAE04EC0-301F-11D3-BF4B-00C04F79EFBC}") = "UnityEngine.Purchasing", "UnityEngine.Purchasing.Player.csproj", "{16FAA3B9-A0CB-4BDB-992D-3D24CE43EC51}"
EndProject
Project("{FAE04EC0-301F-11D3-BF4B-00C04F79EFBC}") = "Unity.Services.Analytics", "Unity.Services.Analytics.Player.csproj", "{FB5EA30C-9487-81BA-1F16-2EAE9E30EF21}"
EndProject
Project("{FAE04EC0-301F-11D3-BF4B-00C04F79EFBC}") = "UnityEngine.TestRunner", "UnityEngine.TestRunner.Player.csproj", "{39FC8FC3-DD87-8EAA-45D6-DE638AA98D01}"
EndProject
Project("{FAE04EC0-301F-11D3-BF4B-00C04F79EFBC}") = "Assembly-CSharp", "Assembly-CSharp.Player.csproj", "{5C461F7C-A8AF-5474-3EDC-15E2325476F7}"
EndProject
Project("{FAE04EC0-301F-11D3-BF4B-00C04F79EFBC}") = "PhotonRealtime", "PhotonRealtime.Player.csproj", "{DFEDED2F-925E-C9C3-264C-9FB560F5783C}"
EndProject
Project("{FAE04EC0-301F-11D3-BF4B-00C04F79EFBC}") = "UnityEngine.UI", "UnityEngine.UI.Player.csproj", "{D15A5F53-0C17-B227-CE37-F8A2CEDAB390}"
EndProject
Project("{FAE04EC0-301F-11D3-BF4B-00C04F79EFBC}") = "Unity.Postprocessing.Runtime", "Unity.Postprocessing.Runtime.Player.csproj", "{8AAF33AD-2376-7570-523C-38CBF0E3D676}"
EndProject
Project("{FAE04EC0-301F-11D3-BF4B-00C04F79EFBC}") = "Unity.Services.Core.Environments.Internal", "Unity.Services.Core.Environments.Internal.Player.csproj", "{775369AA-E851-2797-07F5-50C2D7A0A6EA}"
EndProject
Project("{FAE04EC0-301F-11D3-BF4B-00C04F79EFBC}") = "Unity.Services.Core.Telemetry", "Unity.Services.Core.Telemetry.Player.csproj", "{35F0C489-E4F6-4E5E-99D1-E72D5F38D7BC}"
EndProject
Project("{FAE04EC0-301F-11D3-BF4B-00C04F79EFBC}") = "UnityEngine.Purchasing.Codeless", "UnityEngine.Purchasing.Codeless.Player.csproj", "{1DC92871-437B-5A2D-03BF-86443EB429CC}"
EndProject
Project("{FAE04EC0-301F-11D3-BF4B-00C04F79EFBC}") = "Unity.Services.Core.Configuration", "Unity.Services.Core.Configuration.Player.csproj", "{BE95F028-EB59-E95C-BCDE-D95F95151F93}"
EndProject
Project("{FAE04EC0-301F-11D3-BF4B-00C04F79EFBC}") = "PhotonUnityNetworking", "PhotonUnityNetworking.Player.csproj", "{1648AE7D-0950-825F-EEE9-A8BE9A02BA7E}"
EndProject
Project("{FAE04EC0-301F-11D3-BF4B-00C04F79EFBC}") = "Unity.Services.Core", "Unity.Services.Core.Player.csproj", "{101B7282-8467-F241-4741-813BC421B944}"
EndProject
Project("{FAE04EC0-301F-11D3-BF4B-00C04F79EFBC}") = "Unity.VisualScripting.State", "Unity.VisualScripting.State.Player.csproj", "{22CBBED6-E724-2A76-03D4-D25124DA7102}"
EndProject
Project("{FAE04EC0-301F-11D3-BF4B-00C04F79EFBC}") = "Unity.TextMeshPro", "Unity.TextMeshPro.Player.csproj", "{B2C7E2E6-B170-6CCC-F2B6-05644C9D4228}"
EndProject
Project("{FAE04EC0-301F-11D3-BF4B-00C04F79EFBC}") = "Unity.Services.Core.Networking", "Unity.Services.Core.Networking.Player.csproj", "{3F0F0C5B-DFE3-EE46-78D9-C768D9DA2F16}"
EndProject
Project("{FAE04EC0-301F-11D3-BF4B-00C04F79EFBC}") = "Unity.Services.Core.Scheduler", "Unity.Services.Core.Scheduler.Player.csproj", "{9C292D2E-EA0B-AF90-BBC0-4E3F0643DD8B}"
EndProject
Project("{FAE04EC0-301F-11D3-BF4B-00C04F79EFBC}") = "UnityEngine.Purchasing.AppleMacosStub", "UnityEngine.Purchasing.AppleMacosStub.Player.csproj", "{326E4FDA-AFE1-216B-3BFF-F1AB03B92DFA}"
EndProject
Project("{FAE04EC0-301F-11D3-BF4B-00C04F79EFBC}") = "Unity.Analytics.DataPrivacy", "Unity.Analytics.DataPrivacy.Player.csproj", "{7D19E772-2D47-D784-306D-0C72828CB8F2}"
EndProject
Project("{FAE04EC0-301F-11D3-BF4B-00C04F79EFBC}") = "UnityEngine.Purchasing.SecurityStub", "UnityEngine.Purchasing.SecurityStub.Player.csproj", "{B3AC9BB6-AEA3-D60F-CF2B-F82CE0CF5304}"
EndProject
Project("{FAE04EC0-301F-11D3-BF4B-00C04F79EFBC}") = "Unity.Services.Core.Registration", "Unity.Services.Core.Registration.Player.csproj", "{AF6E0237-E5CD-C660-595D-3C7BAD245730}"
EndProject
Project("{FAE04EC0-301F-11D3-BF4B-00C04F79EFBC}") = "PhotonUnityNetworking.Utilities", "PhotonUnityNetworking.Utilities.Player.csproj", "{13B24953-6FED-F71A-77F7-F8A60A40128C}"
EndProject
Project("{FAE04EC0-301F-11D3-BF4B-00C04F79EFBC}") = "UnityEngine.Purchasing.SecurityCore", "UnityEngine.Purchasing.SecurityCore.Player.csproj", "{C817C367-C906-4A0A-A6CD-A5BBD524B475}"
EndProject
Project("{FAE04EC0-301F-11D3-BF4B-00C04F79EFBC}") = "UnityEngine.Purchasing.WinRTStub", "UnityEngine.Purchasing.WinRTStub.Player.csproj", "{105300D6-D0C9-F4A9-D94B-45B897533F5E}"
EndProject
Project("{FAE04EC0-301F-11D3-BF4B-00C04F79EFBC}") = "Unity.Services.Core.Analytics", "Unity.Services.Core.Analytics.Player.csproj", "{8A525780-704F-7049-E771-C1F834B05ADC}"
EndProject
Project("{FAE04EC0-301F-11D3-BF4B-00C04F79EFBC}") = "Unity.Services.Core.Threading", "Unity.Services.Core.Threading.Player.csproj", "{671F540B-85B1-0E15-D1FB-8F57B5703700}"
EndProject
Project("{FAE04EC0-301F-11D3-BF4B-00C04F79EFBC}") = "UnityEngine.Purchasing.AppleStub", "UnityEngine.Purchasing.AppleStub.Player.csproj", "{6908B2F7-7ABE-D645-7804-CD699E9E3053}"
EndProject
Project("{FAE04EC0-301F-11D3-BF4B-00C04F79EFBC}") = "Unity.Services.Core.Device", "Unity.Services.Core.Device.Player.csproj", "{A36C5628-9B8D-6ECB-8ABC-3738C7892D90}"
EndProject
Project("{FAE04EC0-301F-11D3-BF4B-00C04F79EFBC}") = "UnityEngine.Purchasing.WinRTCore", "UnityEngine.Purchasing.WinRTCore.Player.csproj", "{D7B618D6-B3FE-4804-D22D-A11A2D9E93D4}"
EndProject
Project("{FAE04EC0-301F-11D3-BF4B-00C04F79EFBC}") = "Purchasing.Common", "Purchasing.Common.Player.csproj", "{1255280A-B7DF-8933-BB93-1302212479B0}"
EndProject
Project("{FAE04EC0-301F-11D3-BF4B-00C04F79EFBC}") = "Unity.Services.Core.Environments", "Unity.Services.Core.Environments.Player.csproj", "{326E8960-B0B4-EDEC-048F-EB51DC85205F}"
EndProject
Project("{FAE04EC0-301F-11D3-BF4B-00C04F79EFBC}") = "UnityEngine.Purchasing.AppleCore", "UnityEngine.Purchasing.AppleCore.Player.csproj", "{7742E29B-CB42-A6C9-C967-86C69013371C}"
EndProject
Global
	GlobalSection(SolutionConfigurationPlatforms) = preSolution
		Debug|Any CPU = Debug|Any CPU
		Release|Any CPU = Release|Any CPU
	EndGlobalSection
	GlobalSection(ProjectConfigurationPlatforms) = postSolution
		{108EE1AD-C5C6-2929-3FA8-D08FAB77F0D8}.Debug|Any CPU.ActiveCfg = Debug|Any CPU
		{108EE1AD-C5C6-2929-3FA8-D08FAB77F0D8}.Debug|Any CPU.Build.0 = Debug|Any CPU
		{108EE1AD-C5C6-2929-3FA8-D08FAB77F0D8}.Release|Any CPU.ActiveCfg = Release|Any CPU
		{108EE1AD-C5C6-2929-3FA8-D08FAB77F0D8}.Release|Any CPU.Build.0 = Release|Any CPU
		{971BD89C-4DF4-6639-66CD-3AA0BDBF7EF3}.Debug|Any CPU.ActiveCfg = Debug|Any CPU
		{971BD89C-4DF4-6639-66CD-3AA0BDBF7EF3}.Debug|Any CPU.Build.0 = Debug|Any CPU
		{971BD89C-4DF4-6639-66CD-3AA0BDBF7EF3}.Release|Any CPU.ActiveCfg = Release|Any CPU
		{971BD89C-4DF4-6639-66CD-3AA0BDBF7EF3}.Release|Any CPU.Build.0 = Release|Any CPU
		{8ACEA263-0064-546A-C895-5F1FD98D2C2A}.Debug|Any CPU.ActiveCfg = Debug|Any CPU
		{8ACEA263-0064-546A-C895-5F1FD98D2C2A}.Debug|Any CPU.Build.0 = Debug|Any CPU
		{8ACEA263-0064-546A-C895-5F1FD98D2C2A}.Release|Any CPU.ActiveCfg = Release|Any CPU
		{8ACEA263-0064-546A-C895-5F1FD98D2C2A}.Release|Any CPU.Build.0 = Release|Any CPU
		{9B8998A1-A830-6F59-4212-38321E3664FF}.Debug|Any CPU.ActiveCfg = Debug|Any CPU
		{9B8998A1-A830-6F59-4212-38321E3664FF}.Debug|Any CPU.Build.0 = Debug|Any CPU
		{9B8998A1-A830-6F59-4212-38321E3664FF}.Release|Any CPU.ActiveCfg = Release|Any CPU
		{9B8998A1-A830-6F59-4212-38321E3664FF}.Release|Any CPU.Build.0 = Release|Any CPU
		{92CBD870-BD2F-C89F-481D-B069AF4B191F}.Debug|Any CPU.ActiveCfg = Debug|Any CPU
		{92CBD870-BD2F-C89F-481D-B069AF4B191F}.Debug|Any CPU.Build.0 = Debug|Any CPU
		{92CBD870-BD2F-C89F-481D-B069AF4B191F}.Release|Any CPU.ActiveCfg = Release|Any CPU
		{92CBD870-BD2F-C89F-481D-B069AF4B191F}.Release|Any CPU.Build.0 = Release|Any CPU
		{EAAFFF24-342F-FFD5-6C31-A7FCDB5C62DD}.Debug|Any CPU.ActiveCfg = Debug|Any CPU
		{EAAFFF24-342F-FFD5-6C31-A7FCDB5C62DD}.Debug|Any CPU.Build.0 = Debug|Any CPU
		{EAAFFF24-342F-FFD5-6C31-A7FCDB5C62DD}.Release|Any CPU.ActiveCfg = Release|Any CPU
		{EAAFFF24-342F-FFD5-6C31-A7FCDB5C62DD}.Release|Any CPU.Build.0 = Release|Any CPU
		{286F68C4-B012-DC1F-4FC7-D5B9F5ED1B56}.Debug|Any CPU.ActiveCfg = Debug|Any CPU
		{286F68C4-B012-DC1F-4FC7-D5B9F5ED1B56}.Debug|Any CPU.Build.0 = Debug|Any CPU
		{286F68C4-B012-DC1F-4FC7-D5B9F5ED1B56}.Release|Any CPU.ActiveCfg = Release|Any CPU
		{286F68C4-B012-DC1F-4FC7-D5B9F5ED1B56}.Release|Any CPU.Build.0 = Release|Any CPU
		{B5C4D0D4-6586-525F-3890-AAD321DDFF53}.Debug|Any CPU.ActiveCfg = Debug|Any CPU
		{B5C4D0D4-6586-525F-3890-AAD321DDFF53}.Debug|Any CPU.Build.0 = Debug|Any CPU
		{B5C4D0D4-6586-525F-3890-AAD321DDFF53}.Release|Any CPU.ActiveCfg = Release|Any CPU
		{B5C4D0D4-6586-525F-3890-AAD321DDFF53}.Release|Any CPU.Build.0 = Release|Any CPU
		{A3A2F756-F3CA-B283-EFC7-F99709E64C07}.Debug|Any CPU.ActiveCfg = Debug|Any CPU
		{A3A2F756-F3CA-B283-EFC7-F99709E64C07}.Debug|Any CPU.Build.0 = Debug|Any CPU
		{A3A2F756-F3CA-B283-EFC7-F99709E64C07}.Release|Any CPU.ActiveCfg = Release|Any CPU
		{A3A2F756-F3CA-B283-EFC7-F99709E64C07}.Release|Any CPU.Build.0 = Release|Any CPU
		{ECBA8849-0177-AD87-E11B-F58D294163B4}.Debug|Any CPU.ActiveCfg = Debug|Any CPU
		{ECBA8849-0177-AD87-E11B-F58D294163B4}.Debug|Any CPU.Build.0 = Debug|Any CPU
		{ECBA8849-0177-AD87-E11B-F58D294163B4}.Release|Any CPU.ActiveCfg = Release|Any CPU
		{ECBA8849-0177-AD87-E11B-F58D294163B4}.Release|Any CPU.Build.0 = Release|Any CPU
		{7DE407D2-A76D-AFFB-E5B6-132DC46A1136}.Debug|Any CPU.ActiveCfg = Debug|Any CPU
		{7DE407D2-A76D-AFFB-E5B6-132DC46A1136}.Debug|Any CPU.Build.0 = Debug|Any CPU
		{7DE407D2-A76D-AFFB-E5B6-132DC46A1136}.Release|Any CPU.ActiveCfg = Release|Any CPU
		{7DE407D2-A76D-AFFB-E5B6-132DC46A1136}.Release|Any CPU.Build.0 = Release|Any CPU
		{B7AC9223-0A68-3E58-F5C4-1E2F4F1C85FC}.Debug|Any CPU.ActiveCfg = Debug|Any CPU
		{B7AC9223-0A68-3E58-F5C4-1E2F4F1C85FC}.Debug|Any CPU.Build.0 = Debug|Any CPU
		{B7AC9223-0A68-3E58-F5C4-1E2F4F1C85FC}.Release|Any CPU.ActiveCfg = Release|Any CPU
		{B7AC9223-0A68-3E58-F5C4-1E2F4F1C85FC}.Release|Any CPU.Build.0 = Release|Any CPU
		{3A5901BB-C3EE-64E6-9810-4EA15B4357C9}.Debug|Any CPU.ActiveCfg = Debug|Any CPU
		{3A5901BB-C3EE-64E6-9810-4EA15B4357C9}.Debug|Any CPU.Build.0 = Debug|Any CPU
		{3A5901BB-C3EE-64E6-9810-4EA15B4357C9}.Release|Any CPU.ActiveCfg = Release|Any CPU
		{3A5901BB-C3EE-64E6-9810-4EA15B4357C9}.Release|Any CPU.Build.0 = Release|Any CPU
		{6B9FF588-A1C2-E69B-FDEF-D24AE28A6A5F}.Debug|Any CPU.ActiveCfg = Debug|Any CPU
		{6B9FF588-A1C2-E69B-FDEF-D24AE28A6A5F}.Debug|Any CPU.Build.0 = Debug|Any CPU
		{6B9FF588-A1C2-E69B-FDEF-D24AE28A6A5F}.Release|Any CPU.ActiveCfg = Release|Any CPU
		{6B9FF588-A1C2-E69B-FDEF-D24AE28A6A5F}.Release|Any CPU.Build.0 = Release|Any CPU
		{DDE7F848-CB60-9D1F-3363-69236CC87972}.Debug|Any CPU.ActiveCfg = Debug|Any CPU
		{DDE7F848-CB60-9D1F-3363-69236CC87972}.Debug|Any CPU.Build.0 = Debug|Any CPU
		{DDE7F848-CB60-9D1F-3363-69236CC87972}.Release|Any CPU.ActiveCfg = Release|Any CPU
		{DDE7F848-CB60-9D1F-3363-69236CC87972}.Release|Any CPU.Build.0 = Release|Any CPU
		{DAA16DFE-0F1F-0E58-3F68-70FBEED69BE3}.Debug|Any CPU.ActiveCfg = Debug|Any CPU
		{DAA16DFE-0F1F-0E58-3F68-70FBEED69BE3}.Debug|Any CPU.Build.0 = Debug|Any CPU
		{DAA16DFE-0F1F-0E58-3F68-70FBEED69BE3}.Release|Any CPU.ActiveCfg = Release|Any CPU
		{DAA16DFE-0F1F-0E58-3F68-70FBEED69BE3}.Release|Any CPU.Build.0 = Release|Any CPU
		{92CA3FA4-1830-7F82-597A-A4B203AA2F46}.Debug|Any CPU.ActiveCfg = Debug|Any CPU
		{92CA3FA4-1830-7F82-597A-A4B203AA2F46}.Debug|Any CPU.Build.0 = Debug|Any CPU
		{92CA3FA4-1830-7F82-597A-A4B203AA2F46}.Release|Any CPU.ActiveCfg = Release|Any CPU
		{92CA3FA4-1830-7F82-597A-A4B203AA2F46}.Release|Any CPU.Build.0 = Release|Any CPU
		{95572DC0-3859-E931-EF09-D7A64FFE6649}.Debug|Any CPU.ActiveCfg = Debug|Any CPU
		{95572DC0-3859-E931-EF09-D7A64FFE6649}.Debug|Any CPU.Build.0 = Debug|Any CPU
		{95572DC0-3859-E931-EF09-D7A64FFE6649}.Release|Any CPU.ActiveCfg = Release|Any CPU
		{95572DC0-3859-E931-EF09-D7A64FFE6649}.Release|Any CPU.Build.0 = Release|Any CPU
		{EC96A913-ECA7-A616-F6EE-A6E6C183CFEB}.Debug|Any CPU.ActiveCfg = Debug|Any CPU
		{EC96A913-ECA7-A616-F6EE-A6E6C183CFEB}.Debug|Any CPU.Build.0 = Debug|Any CPU
		{EC96A913-ECA7-A616-F6EE-A6E6C183CFEB}.Release|Any CPU.ActiveCfg = Release|Any CPU
		{EC96A913-ECA7-A616-F6EE-A6E6C183CFEB}.Release|Any CPU.Build.0 = Release|Any CPU
		{EA0689A4-B5D6-AC7A-3410-A3114145D277}.Debug|Any CPU.ActiveCfg = Debug|Any CPU
		{EA0689A4-B5D6-AC7A-3410-A3114145D277}.Debug|Any CPU.Build.0 = Debug|Any CPU
		{EA0689A4-B5D6-AC7A-3410-A3114145D277}.Release|Any CPU.ActiveCfg = Release|Any CPU
		{EA0689A4-B5D6-AC7A-3410-A3114145D277}.Release|Any CPU.Build.0 = Release|Any CPU
		{C100A47D-4B32-1480-D94D-20184547DF04}.Debug|Any CPU.ActiveCfg = Debug|Any CPU
		{C100A47D-4B32-1480-D94D-20184547DF04}.Debug|Any CPU.Build.0 = Debug|Any CPU
		{C100A47D-4B32-1480-D94D-20184547DF04}.Release|Any CPU.ActiveCfg = Release|Any CPU
		{C100A47D-4B32-1480-D94D-20184547DF04}.Release|Any CPU.Build.0 = Release|Any CPU
		{4DE1A591-FC81-111A-617B-289E91762F59}.Debug|Any CPU.ActiveCfg = Debug|Any CPU
		{4DE1A591-FC81-111A-617B-289E91762F59}.Debug|Any CPU.Build.0 = Debug|Any CPU
		{4DE1A591-FC81-111A-617B-289E91762F59}.Release|Any CPU.ActiveCfg = Release|Any CPU
		{4DE1A591-FC81-111A-617B-289E91762F59}.Release|Any CPU.Build.0 = Release|Any CPU
		{65A9B072-A42A-F627-EFFD-B4FD15AD26F1}.Debug|Any CPU.ActiveCfg = Debug|Any CPU
		{65A9B072-A42A-F627-EFFD-B4FD15AD26F1}.Debug|Any CPU.Build.0 = Debug|Any CPU
		{65A9B072-A42A-F627-EFFD-B4FD15AD26F1}.Release|Any CPU.ActiveCfg = Release|Any CPU
		{65A9B072-A42A-F627-EFFD-B4FD15AD26F1}.Release|Any CPU.Build.0 = Release|Any CPU
		{EB0738F6-01CE-7BE0-3D4A-93CB5125C982}.Debug|Any CPU.ActiveCfg = Debug|Any CPU
		{EB0738F6-01CE-7BE0-3D4A-93CB5125C982}.Debug|Any CPU.Build.0 = Debug|Any CPU
		{EB0738F6-01CE-7BE0-3D4A-93CB5125C982}.Release|Any CPU.ActiveCfg = Release|Any CPU
		{EB0738F6-01CE-7BE0-3D4A-93CB5125C982}.Release|Any CPU.Build.0 = Release|Any CPU
		{E5F9D582-FDCF-653A-9C0D-A47B5000BC8D}.Debug|Any CPU.ActiveCfg = Debug|Any CPU
		{E5F9D582-FDCF-653A-9C0D-A47B5000BC8D}.Debug|Any CPU.Build.0 = Debug|Any CPU
		{E5F9D582-FDCF-653A-9C0D-A47B5000BC8D}.Release|Any CPU.ActiveCfg = Release|Any CPU
		{E5F9D582-FDCF-653A-9C0D-A47B5000BC8D}.Release|Any CPU.Build.0 = Release|Any CPU
		{0E307D95-EAF6-68A8-0C86-9CB4FE273423}.Debug|Any CPU.ActiveCfg = Debug|Any CPU
		{0E307D95-EAF6-68A8-0C86-9CB4FE273423}.Debug|Any CPU.Build.0 = Debug|Any CPU
		{0E307D95-EAF6-68A8-0C86-9CB4FE273423}.Release|Any CPU.ActiveCfg = Release|Any CPU
		{0E307D95-EAF6-68A8-0C86-9CB4FE273423}.Release|Any CPU.Build.0 = Release|Any CPU
		{35598054-64CA-2FA0-E212-B3F6795B2E26}.Debug|Any CPU.ActiveCfg = Debug|Any CPU
		{35598054-64CA-2FA0-E212-B3F6795B2E26}.Debug|Any CPU.Build.0 = Debug|Any CPU
		{35598054-64CA-2FA0-E212-B3F6795B2E26}.Release|Any CPU.ActiveCfg = Release|Any CPU
		{35598054-64CA-2FA0-E212-B3F6795B2E26}.Release|Any CPU.Build.0 = Release|Any CPU
		{2CA9002E-06FB-A554-AF75-3A98876C0A64}.Debug|Any CPU.ActiveCfg = Debug|Any CPU
		{2CA9002E-06FB-A554-AF75-3A98876C0A64}.Debug|Any CPU.Build.0 = Debug|Any CPU
		{2CA9002E-06FB-A554-AF75-3A98876C0A64}.Release|Any CPU.ActiveCfg = Release|Any CPU
		{2CA9002E-06FB-A554-AF75-3A98876C0A64}.Release|Any CPU.Build.0 = Release|Any CPU
		{0D5D9C92-0E0A-1930-1279-193A2D7FD1C1}.Debug|Any CPU.ActiveCfg = Debug|Any CPU
		{0D5D9C92-0E0A-1930-1279-193A2D7FD1C1}.Debug|Any CPU.Build.0 = Debug|Any CPU
		{0D5D9C92-0E0A-1930-1279-193A2D7FD1C1}.Release|Any CPU.ActiveCfg = Release|Any CPU
		{0D5D9C92-0E0A-1930-1279-193A2D7FD1C1}.Release|Any CPU.Build.0 = Release|Any CPU
		{6A802D7A-02F0-4F3B-CC3B-FB7A3E5D56F6}.Debug|Any CPU.ActiveCfg = Debug|Any CPU
		{6A802D7A-02F0-4F3B-CC3B-FB7A3E5D56F6}.Debug|Any CPU.Build.0 = Debug|Any CPU
		{6A802D7A-02F0-4F3B-CC3B-FB7A3E5D56F6}.Release|Any CPU.ActiveCfg = Release|Any CPU
		{6A802D7A-02F0-4F3B-CC3B-FB7A3E5D56F6}.Release|Any CPU.Build.0 = Release|Any CPU
		{28FA4C75-883B-42A5-98DA-00C33199E379}.Debug|Any CPU.ActiveCfg = Debug|Any CPU
		{28FA4C75-883B-42A5-98DA-00C33199E379}.Debug|Any CPU.Build.0 = Debug|Any CPU
		{28FA4C75-883B-42A5-98DA-00C33199E379}.Release|Any CPU.ActiveCfg = Release|Any CPU
		{28FA4C75-883B-42A5-98DA-00C33199E379}.Release|Any CPU.Build.0 = Release|Any CPU
		{8F779669-9636-1663-C596-30AC105857B7}.Debug|Any CPU.ActiveCfg = Debug|Any CPU
		{8F779669-9636-1663-C596-30AC105857B7}.Debug|Any CPU.Build.0 = Debug|Any CPU
		{8F779669-9636-1663-C596-30AC105857B7}.Release|Any CPU.ActiveCfg = Release|Any CPU
		{8F779669-9636-1663-C596-30AC105857B7}.Release|Any CPU.Build.0 = Release|Any CPU
		{3AE417B5-1F2E-3AD9-3CE5-9EE541DC2E12}.Debug|Any CPU.ActiveCfg = Debug|Any CPU
		{3AE417B5-1F2E-3AD9-3CE5-9EE541DC2E12}.Debug|Any CPU.Build.0 = Debug|Any CPU
		{3AE417B5-1F2E-3AD9-3CE5-9EE541DC2E12}.Release|Any CPU.ActiveCfg = Release|Any CPU
		{3AE417B5-1F2E-3AD9-3CE5-9EE541DC2E12}.Release|Any CPU.Build.0 = Release|Any CPU
		{48F42590-6193-FE3E-0108-FDE6C8B5369E}.Debug|Any CPU.ActiveCfg = Debug|Any CPU
		{48F42590-6193-FE3E-0108-FDE6C8B5369E}.Debug|Any CPU.Build.0 = Debug|Any CPU
		{48F42590-6193-FE3E-0108-FDE6C8B5369E}.Release|Any CPU.ActiveCfg = Release|Any CPU
		{48F42590-6193-FE3E-0108-FDE6C8B5369E}.Release|Any CPU.Build.0 = Release|Any CPU
		{5F78FB65-FF0B-D25F-E48F-92B7D23D0388}.Debug|Any CPU.ActiveCfg = Debug|Any CPU
		{5F78FB65-FF0B-D25F-E48F-92B7D23D0388}.Debug|Any CPU.Build.0 = Debug|Any CPU
		{5F78FB65-FF0B-D25F-E48F-92B7D23D0388}.Release|Any CPU.ActiveCfg = Release|Any CPU
		{5F78FB65-FF0B-D25F-E48F-92B7D23D0388}.Release|Any CPU.Build.0 = Release|Any CPU
		{479B9875-FFB5-945C-113B-9CA7D8B8176C}.Debug|Any CPU.ActiveCfg = Debug|Any CPU
		{479B9875-FFB5-945C-113B-9CA7D8B8176C}.Debug|Any CPU.Build.0 = Debug|Any CPU
		{479B9875-FFB5-945C-113B-9CA7D8B8176C}.Release|Any CPU.ActiveCfg = Release|Any CPU
		{479B9875-FFB5-945C-113B-9CA7D8B8176C}.Release|Any CPU.Build.0 = Release|Any CPU
		{6DC27931-B3C8-A4DD-ED33-BEABE01E16EA}.Debug|Any CPU.ActiveCfg = Debug|Any CPU
		{6DC27931-B3C8-A4DD-ED33-BEABE01E16EA}.Debug|Any CPU.Build.0 = Debug|Any CPU
		{6DC27931-B3C8-A4DD-ED33-BEABE01E16EA}.Release|Any CPU.ActiveCfg = Release|Any CPU
		{6DC27931-B3C8-A4DD-ED33-BEABE01E16EA}.Release|Any CPU.Build.0 = Release|Any CPU
		{02298A2F-639E-64C1-D638-883BA6435076}.Debug|Any CPU.ActiveCfg = Debug|Any CPU
		{02298A2F-639E-64C1-D638-883BA6435076}.Debug|Any CPU.Build.0 = Debug|Any CPU
		{02298A2F-639E-64C1-D638-883BA6435076}.Release|Any CPU.ActiveCfg = Release|Any CPU
		{02298A2F-639E-64C1-D638-883BA6435076}.Release|Any CPU.Build.0 = Release|Any CPU
		{6C8BF306-A133-0A39-7D35-268D353F0F6F}.Debug|Any CPU.ActiveCfg = Debug|Any CPU
		{6C8BF306-A133-0A39-7D35-268D353F0F6F}.Debug|Any CPU.Build.0 = Debug|Any CPU
		{6C8BF306-A133-0A39-7D35-268D353F0F6F}.Release|Any CPU.ActiveCfg = Release|Any CPU
		{6C8BF306-A133-0A39-7D35-268D353F0F6F}.Release|Any CPU.Build.0 = Release|Any CPU
		{B80DAAA9-D12F-932B-F171-1104EB23415C}.Debug|Any CPU.ActiveCfg = Debug|Any CPU
		{B80DAAA9-D12F-932B-F171-1104EB23415C}.Debug|Any CPU.Build.0 = Debug|Any CPU
		{B80DAAA9-D12F-932B-F171-1104EB23415C}.Release|Any CPU.ActiveCfg = Release|Any CPU
		{B80DAAA9-D12F-932B-F171-1104EB23415C}.Release|Any CPU.Build.0 = Release|Any CPU
		{28131404-678F-0817-B449-83E19CB97E34}.Debug|Any CPU.ActiveCfg = Debug|Any CPU
		{28131404-678F-0817-B449-83E19CB97E34}.Debug|Any CPU.Build.0 = Debug|Any CPU
		{28131404-678F-0817-B449-83E19CB97E34}.Release|Any CPU.ActiveCfg = Release|Any CPU
		{28131404-678F-0817-B449-83E19CB97E34}.Release|Any CPU.Build.0 = Release|Any CPU
		{E1B63708-2E36-D909-9DDB-A2AFE9AC1949}.Debug|Any CPU.ActiveCfg = Debug|Any CPU
		{E1B63708-2E36-D909-9DDB-A2AFE9AC1949}.Debug|Any CPU.Build.0 = Debug|Any CPU
		{E1B63708-2E36-D909-9DDB-A2AFE9AC1949}.Release|Any CPU.ActiveCfg = Release|Any CPU
		{E1B63708-2E36-D909-9DDB-A2AFE9AC1949}.Release|Any CPU.Build.0 = Release|Any CPU
		{781A98BB-4BB1-C83C-BCE9-EFDF899D0AB4}.Debug|Any CPU.ActiveCfg = Debug|Any CPU
		{781A98BB-4BB1-C83C-BCE9-EFDF899D0AB4}.Debug|Any CPU.Build.0 = Debug|Any CPU
		{781A98BB-4BB1-C83C-BCE9-EFDF899D0AB4}.Release|Any CPU.ActiveCfg = Release|Any CPU
		{781A98BB-4BB1-C83C-BCE9-EFDF899D0AB4}.Release|Any CPU.Build.0 = Release|Any CPU
		{03F17BB0-88BE-2881-10AA-FDC9A4E7AC79}.Debug|Any CPU.ActiveCfg = Debug|Any CPU
		{03F17BB0-88BE-2881-10AA-FDC9A4E7AC79}.Debug|Any CPU.Build.0 = Debug|Any CPU
		{03F17BB0-88BE-2881-10AA-FDC9A4E7AC79}.Release|Any CPU.ActiveCfg = Release|Any CPU
		{03F17BB0-88BE-2881-10AA-FDC9A4E7AC79}.Release|Any CPU.Build.0 = Release|Any CPU
		{8B813A7E-470F-8C3B-8E9E-56A973758849}.Debug|Any CPU.ActiveCfg = Debug|Any CPU
		{8B813A7E-470F-8C3B-8E9E-56A973758849}.Debug|Any CPU.Build.0 = Debug|Any CPU
		{8B813A7E-470F-8C3B-8E9E-56A973758849}.Release|Any CPU.ActiveCfg = Release|Any CPU
		{8B813A7E-470F-8C3B-8E9E-56A973758849}.Release|Any CPU.Build.0 = Release|Any CPU
		{E4E5069D-8962-E4A8-6822-D681616349C4}.Debug|Any CPU.ActiveCfg = Debug|Any CPU
		{E4E5069D-8962-E4A8-6822-D681616349C4}.Debug|Any CPU.Build.0 = Debug|Any CPU
		{E4E5069D-8962-E4A8-6822-D681616349C4}.Release|Any CPU.ActiveCfg = Release|Any CPU
		{E4E5069D-8962-E4A8-6822-D681616349C4}.Release|Any CPU.Build.0 = Release|Any CPU
		{BD030035-70F3-0184-9230-1C9B232752DD}.Debug|Any CPU.ActiveCfg = Debug|Any CPU
		{BD030035-70F3-0184-9230-1C9B232752DD}.Debug|Any CPU.Build.0 = Debug|Any CPU
		{BD030035-70F3-0184-9230-1C9B232752DD}.Release|Any CPU.ActiveCfg = Release|Any CPU
		{BD030035-70F3-0184-9230-1C9B232752DD}.Release|Any CPU.Build.0 = Release|Any CPU
		{A5E7C460-0C12-5335-0517-99B1451942D4}.Debug|Any CPU.ActiveCfg = Debug|Any CPU
		{A5E7C460-0C12-5335-0517-99B1451942D4}.Debug|Any CPU.Build.0 = Debug|Any CPU
		{A5E7C460-0C12-5335-0517-99B1451942D4}.Release|Any CPU.ActiveCfg = Release|Any CPU
		{A5E7C460-0C12-5335-0517-99B1451942D4}.Release|Any CPU.Build.0 = Release|Any CPU
		{EA74A06B-5D5A-97EA-0306-B2E54EFA659D}.Debug|Any CPU.ActiveCfg = Debug|Any CPU
		{EA74A06B-5D5A-97EA-0306-B2E54EFA659D}.Debug|Any CPU.Build.0 = Debug|Any CPU
		{EA74A06B-5D5A-97EA-0306-B2E54EFA659D}.Release|Any CPU.ActiveCfg = Release|Any CPU
		{EA74A06B-5D5A-97EA-0306-B2E54EFA659D}.Release|Any CPU.Build.0 = Release|Any CPU
		{A67B3EEE-9893-0997-9F18-138D3CEDB2B5}.Debug|Any CPU.ActiveCfg = Debug|Any CPU
		{A67B3EEE-9893-0997-9F18-138D3CEDB2B5}.Debug|Any CPU.Build.0 = Debug|Any CPU
		{A67B3EEE-9893-0997-9F18-138D3CEDB2B5}.Release|Any CPU.ActiveCfg = Release|Any CPU
		{A67B3EEE-9893-0997-9F18-138D3CEDB2B5}.Release|Any CPU.Build.0 = Release|Any CPU
		{123BCC36-B39B-32BD-6E74-5673485F482B}.Debug|Any CPU.ActiveCfg = Debug|Any CPU
		{123BCC36-B39B-32BD-6E74-5673485F482B}.Debug|Any CPU.Build.0 = Debug|Any CPU
		{123BCC36-B39B-32BD-6E74-5673485F482B}.Release|Any CPU.ActiveCfg = Release|Any CPU
		{123BCC36-B39B-32BD-6E74-5673485F482B}.Release|Any CPU.Build.0 = Release|Any CPU
		{F8BA57BA-F6EF-4EBC-C8BC-D6A0501E568F}.Debug|Any CPU.ActiveCfg = Debug|Any CPU
		{F8BA57BA-F6EF-4EBC-C8BC-D6A0501E568F}.Debug|Any CPU.Build.0 = Debug|Any CPU
		{F8BA57BA-F6EF-4EBC-C8BC-D6A0501E568F}.Release|Any CPU.ActiveCfg = Release|Any CPU
		{F8BA57BA-F6EF-4EBC-C8BC-D6A0501E568F}.Release|Any CPU.Build.0 = Release|Any CPU
		{1345E229-F81F-F446-8FDF-37FDDE0572CE}.Debug|Any CPU.ActiveCfg = Debug|Any CPU
		{1345E229-F81F-F446-8FDF-37FDDE0572CE}.Debug|Any CPU.Build.0 = Debug|Any CPU
		{1345E229-F81F-F446-8FDF-37FDDE0572CE}.Release|Any CPU.ActiveCfg = Release|Any CPU
		{1345E229-F81F-F446-8FDF-37FDDE0572CE}.Release|Any CPU.Build.0 = Release|Any CPU
		{E02454D0-AA8E-C4E9-82FD-FF7BF3D13E13}.Debug|Any CPU.ActiveCfg = Debug|Any CPU
		{E02454D0-AA8E-C4E9-82FD-FF7BF3D13E13}.Debug|Any CPU.Build.0 = Debug|Any CPU
		{E02454D0-AA8E-C4E9-82FD-FF7BF3D13E13}.Release|Any CPU.ActiveCfg = Release|Any CPU
		{E02454D0-AA8E-C4E9-82FD-FF7BF3D13E13}.Release|Any CPU.Build.0 = Release|Any CPU
		{A1085D97-FA01-B5FA-997B-48665A61D459}.Debug|Any CPU.ActiveCfg = Debug|Any CPU
		{A1085D97-FA01-B5FA-997B-48665A61D459}.Debug|Any CPU.Build.0 = Debug|Any CPU
		{A1085D97-FA01-B5FA-997B-48665A61D459}.Release|Any CPU.ActiveCfg = Release|Any CPU
		{A1085D97-FA01-B5FA-997B-48665A61D459}.Release|Any CPU.Build.0 = Release|Any CPU
		{A5F2F7AC-8E00-FF20-8CA3-496404467C29}.Debug|Any CPU.ActiveCfg = Debug|Any CPU
		{A5F2F7AC-8E00-FF20-8CA3-496404467C29}.Debug|Any CPU.Build.0 = Debug|Any CPU
		{A5F2F7AC-8E00-FF20-8CA3-496404467C29}.Release|Any CPU.ActiveCfg = Release|Any CPU
		{A5F2F7AC-8E00-FF20-8CA3-496404467C29}.Release|Any CPU.Build.0 = Release|Any CPU
		{0A6C2569-E088-7725-AC70-F4A5CD9E2F0B}.Debug|Any CPU.ActiveCfg = Debug|Any CPU
		{0A6C2569-E088-7725-AC70-F4A5CD9E2F0B}.Debug|Any CPU.Build.0 = Debug|Any CPU
		{0A6C2569-E088-7725-AC70-F4A5CD9E2F0B}.Release|Any CPU.ActiveCfg = Release|Any CPU
		{0A6C2569-E088-7725-AC70-F4A5CD9E2F0B}.Release|Any CPU.Build.0 = Release|Any CPU
		{95CBC00E-7CB6-9A39-B975-508DEB97C0E2}.Debug|Any CPU.ActiveCfg = Debug|Any CPU
		{95CBC00E-7CB6-9A39-B975-508DEB97C0E2}.Debug|Any CPU.Build.0 = Debug|Any CPU
		{95CBC00E-7CB6-9A39-B975-508DEB97C0E2}.Release|Any CPU.ActiveCfg = Release|Any CPU
		{95CBC00E-7CB6-9A39-B975-508DEB97C0E2}.Release|Any CPU.Build.0 = Release|Any CPU
		{5A0FC15F-D5B1-F030-BB70-2878D922938F}.Debug|Any CPU.ActiveCfg = Debug|Any CPU
		{5A0FC15F-D5B1-F030-BB70-2878D922938F}.Debug|Any CPU.Build.0 = Debug|Any CPU
		{5A0FC15F-D5B1-F030-BB70-2878D922938F}.Release|Any CPU.ActiveCfg = Release|Any CPU
		{5A0FC15F-D5B1-F030-BB70-2878D922938F}.Release|Any CPU.Build.0 = Release|Any CPU
		{3AE66722-7B0A-0536-D40C-7DFCD68479E7}.Debug|Any CPU.ActiveCfg = Debug|Any CPU
		{3AE66722-7B0A-0536-D40C-7DFCD68479E7}.Debug|Any CPU.Build.0 = Debug|Any CPU
		{3AE66722-7B0A-0536-D40C-7DFCD68479E7}.Release|Any CPU.ActiveCfg = Release|Any CPU
		{3AE66722-7B0A-0536-D40C-7DFCD68479E7}.Release|Any CPU.Build.0 = Release|Any CPU
		{54F3B6EE-1018-94F1-A016-9E195314BB0A}.Debug|Any CPU.ActiveCfg = Debug|Any CPU
		{54F3B6EE-1018-94F1-A016-9E195314BB0A}.Debug|Any CPU.Build.0 = Debug|Any CPU
		{54F3B6EE-1018-94F1-A016-9E195314BB0A}.Release|Any CPU.ActiveCfg = Release|Any CPU
		{54F3B6EE-1018-94F1-A016-9E195314BB0A}.Release|Any CPU.Build.0 = Release|Any CPU
		{E1C2A3D1-B109-2CBE-0F6B-3684E8367E13}.Debug|Any CPU.ActiveCfg = Debug|Any CPU
		{E1C2A3D1-B109-2CBE-0F6B-3684E8367E13}.Debug|Any CPU.Build.0 = Debug|Any CPU
		{E1C2A3D1-B109-2CBE-0F6B-3684E8367E13}.Release|Any CPU.ActiveCfg = Release|Any CPU
		{E1C2A3D1-B109-2CBE-0F6B-3684E8367E13}.Release|Any CPU.Build.0 = Release|Any CPU
		{218B05B8-76D8-B878-6363-8E32CF7CCB53}.Debug|Any CPU.ActiveCfg = Debug|Any CPU
		{218B05B8-76D8-B878-6363-8E32CF7CCB53}.Debug|Any CPU.Build.0 = Debug|Any CPU
		{218B05B8-76D8-B878-6363-8E32CF7CCB53}.Release|Any CPU.ActiveCfg = Release|Any CPU
		{218B05B8-76D8-B878-6363-8E32CF7CCB53}.Release|Any CPU.Build.0 = Release|Any CPU
		{EF701FDC-86B6-D584-E9AD-40DE77B4C28C}.Debug|Any CPU.ActiveCfg = Debug|Any CPU
		{EF701FDC-86B6-D584-E9AD-40DE77B4C28C}.Debug|Any CPU.Build.0 = Debug|Any CPU
		{EF701FDC-86B6-D584-E9AD-40DE77B4C28C}.Release|Any CPU.ActiveCfg = Release|Any CPU
		{EF701FDC-86B6-D584-E9AD-40DE77B4C28C}.Release|Any CPU.Build.0 = Release|Any CPU
		{6D52D4C3-E7B6-3A37-10FC-DFF0463B5009}.Debug|Any CPU.ActiveCfg = Debug|Any CPU
		{6D52D4C3-E7B6-3A37-10FC-DFF0463B5009}.Debug|Any CPU.Build.0 = Debug|Any CPU
		{6D52D4C3-E7B6-3A37-10FC-DFF0463B5009}.Release|Any CPU.ActiveCfg = Release|Any CPU
		{6D52D4C3-E7B6-3A37-10FC-DFF0463B5009}.Release|Any CPU.Build.0 = Release|Any CPU
		{903919D1-09B3-2579-D39A-FF8FA397E2D1}.Debug|Any CPU.ActiveCfg = Debug|Any CPU
		{903919D1-09B3-2579-D39A-FF8FA397E2D1}.Debug|Any CPU.Build.0 = Debug|Any CPU
		{903919D1-09B3-2579-D39A-FF8FA397E2D1}.Release|Any CPU.ActiveCfg = Release|Any CPU
		{903919D1-09B3-2579-D39A-FF8FA397E2D1}.Release|Any CPU.Build.0 = Release|Any CPU
		{BBC7973F-69AB-98FD-3BBA-F103F2A144E9}.Debug|Any CPU.ActiveCfg = Debug|Any CPU
		{BBC7973F-69AB-98FD-3BBA-F103F2A144E9}.Debug|Any CPU.Build.0 = Debug|Any CPU
		{BBC7973F-69AB-98FD-3BBA-F103F2A144E9}.Release|Any CPU.ActiveCfg = Release|Any CPU
		{BBC7973F-69AB-98FD-3BBA-F103F2A144E9}.Release|Any CPU.Build.0 = Release|Any CPU
		{FB886FC2-2E75-0549-D93E-500E154F7FF7}.Debug|Any CPU.ActiveCfg = Debug|Any CPU
		{FB886FC2-2E75-0549-D93E-500E154F7FF7}.Debug|Any CPU.Build.0 = Debug|Any CPU
		{FB886FC2-2E75-0549-D93E-500E154F7FF7}.Release|Any CPU.ActiveCfg = Release|Any CPU
		{FB886FC2-2E75-0549-D93E-500E154F7FF7}.Release|Any CPU.Build.0 = Release|Any CPU
		{D8059064-2CD2-5359-DCF7-28A4DBA2C83C}.Debug|Any CPU.ActiveCfg = Debug|Any CPU
		{D8059064-2CD2-5359-DCF7-28A4DBA2C83C}.Debug|Any CPU.Build.0 = Debug|Any CPU
		{D8059064-2CD2-5359-DCF7-28A4DBA2C83C}.Release|Any CPU.ActiveCfg = Release|Any CPU
		{D8059064-2CD2-5359-DCF7-28A4DBA2C83C}.Release|Any CPU.Build.0 = Release|Any CPU
		{3000BB3E-3426-2867-6B73-05A42862D891}.Debug|Any CPU.ActiveCfg = Debug|Any CPU
		{3000BB3E-3426-2867-6B73-05A42862D891}.Debug|Any CPU.Build.0 = Debug|Any CPU
		{3000BB3E-3426-2867-6B73-05A42862D891}.Release|Any CPU.ActiveCfg = Release|Any CPU
		{3000BB3E-3426-2867-6B73-05A42862D891}.Release|Any CPU.Build.0 = Release|Any CPU
		{76ACB4CD-F50E-06C8-EF5D-FE4F2166248C}.Debug|Any CPU.ActiveCfg = Debug|Any CPU
		{76ACB4CD-F50E-06C8-EF5D-FE4F2166248C}.Debug|Any CPU.Build.0 = Debug|Any CPU
		{76ACB4CD-F50E-06C8-EF5D-FE4F2166248C}.Release|Any CPU.ActiveCfg = Release|Any CPU
		{76ACB4CD-F50E-06C8-EF5D-FE4F2166248C}.Release|Any CPU.Build.0 = Release|Any CPU
		{07DC1EA5-F277-E922-0EA7-9192DB03A6F8}.Debug|Any CPU.ActiveCfg = Debug|Any CPU
		{07DC1EA5-F277-E922-0EA7-9192DB03A6F8}.Debug|Any CPU.Build.0 = Debug|Any CPU
		{07DC1EA5-F277-E922-0EA7-9192DB03A6F8}.Release|Any CPU.ActiveCfg = Release|Any CPU
		{07DC1EA5-F277-E922-0EA7-9192DB03A6F8}.Release|Any CPU.Build.0 = Release|Any CPU
		{D8BAB2DB-5773-6008-255C-7B3D2FB85F9F}.Debug|Any CPU.ActiveCfg = Debug|Any CPU
		{D8BAB2DB-5773-6008-255C-7B3D2FB85F9F}.Debug|Any CPU.Build.0 = Debug|Any CPU
		{D8BAB2DB-5773-6008-255C-7B3D2FB85F9F}.Release|Any CPU.ActiveCfg = Release|Any CPU
		{D8BAB2DB-5773-6008-255C-7B3D2FB85F9F}.Release|Any CPU.Build.0 = Release|Any CPU
		{6F24DC3F-8E0F-4D7D-06A5-1B09631964F5}.Debug|Any CPU.ActiveCfg = Debug|Any CPU
		{6F24DC3F-8E0F-4D7D-06A5-1B09631964F5}.Debug|Any CPU.Build.0 = Debug|Any CPU
		{6F24DC3F-8E0F-4D7D-06A5-1B09631964F5}.Release|Any CPU.ActiveCfg = Release|Any CPU
		{6F24DC3F-8E0F-4D7D-06A5-1B09631964F5}.Release|Any CPU.Build.0 = Release|Any CPU
		{4B82492B-B627-8782-FD08-44FF8156C0A6}.Debug|Any CPU.ActiveCfg = Debug|Any CPU
		{4B82492B-B627-8782-FD08-44FF8156C0A6}.Debug|Any CPU.Build.0 = Debug|Any CPU
		{4B82492B-B627-8782-FD08-44FF8156C0A6}.Release|Any CPU.ActiveCfg = Release|Any CPU
		{4B82492B-B627-8782-FD08-44FF8156C0A6}.Release|Any CPU.Build.0 = Release|Any CPU
		{AA9E8A49-7810-FCD0-414F-68B79D66644D}.Debug|Any CPU.ActiveCfg = Debug|Any CPU
		{AA9E8A49-7810-FCD0-414F-68B79D66644D}.Debug|Any CPU.Build.0 = Debug|Any CPU
		{AA9E8A49-7810-FCD0-414F-68B79D66644D}.Release|Any CPU.ActiveCfg = Release|Any CPU
		{AA9E8A49-7810-FCD0-414F-68B79D66644D}.Release|Any CPU.Build.0 = Release|Any CPU
		{AD17517F-4B80-E4A4-507C-345907ACDB64}.Debug|Any CPU.ActiveCfg = Debug|Any CPU
		{AD17517F-4B80-E4A4-507C-345907ACDB64}.Debug|Any CPU.Build.0 = Debug|Any CPU
		{AD17517F-4B80-E4A4-507C-345907ACDB64}.Release|Any CPU.ActiveCfg = Release|Any CPU
		{AD17517F-4B80-E4A4-507C-345907ACDB64}.Release|Any CPU.Build.0 = Release|Any CPU
		{0A0267B8-ADC3-5537-E2E7-9270FA234D6D}.Debug|Any CPU.ActiveCfg = Debug|Any CPU
		{0A0267B8-ADC3-5537-E2E7-9270FA234D6D}.Debug|Any CPU.Build.0 = Debug|Any CPU
		{0A0267B8-ADC3-5537-E2E7-9270FA234D6D}.Release|Any CPU.ActiveCfg = Release|Any CPU
		{0A0267B8-ADC3-5537-E2E7-9270FA234D6D}.Release|Any CPU.Build.0 = Release|Any CPU
		{34EB461C-6D8A-0F2F-AC9D-CFECC6488890}.Debug|Any CPU.ActiveCfg = Debug|Any CPU
		{34EB461C-6D8A-0F2F-AC9D-CFECC6488890}.Debug|Any CPU.Build.0 = Debug|Any CPU
		{34EB461C-6D8A-0F2F-AC9D-CFECC6488890}.Release|Any CPU.ActiveCfg = Release|Any CPU
		{34EB461C-6D8A-0F2F-AC9D-CFECC6488890}.Release|Any CPU.Build.0 = Release|Any CPU
		{40B5E5E5-7825-EA0C-4A09-B7327B56E344}.Debug|Any CPU.ActiveCfg = Debug|Any CPU
		{40B5E5E5-7825-EA0C-4A09-B7327B56E344}.Debug|Any CPU.Build.0 = Debug|Any CPU
		{40B5E5E5-7825-EA0C-4A09-B7327B56E344}.Release|Any CPU.ActiveCfg = Release|Any CPU
		{40B5E5E5-7825-EA0C-4A09-B7327B56E344}.Release|Any CPU.Build.0 = Release|Any CPU
		{0CA48A05-AC8F-AB0B-C4DB-B89754D364BE}.Debug|Any CPU.ActiveCfg = Debug|Any CPU
		{0CA48A05-AC8F-AB0B-C4DB-B89754D364BE}.Debug|Any CPU.Build.0 = Debug|Any CPU
		{0CA48A05-AC8F-AB0B-C4DB-B89754D364BE}.Release|Any CPU.ActiveCfg = Release|Any CPU
		{0CA48A05-AC8F-AB0B-C4DB-B89754D364BE}.Release|Any CPU.Build.0 = Release|Any CPU
		{270A14C3-BCCF-04F0-453F-5ADC9493BCC0}.Debug|Any CPU.ActiveCfg = Debug|Any CPU
		{270A14C3-BCCF-04F0-453F-5ADC9493BCC0}.Debug|Any CPU.Build.0 = Debug|Any CPU
		{270A14C3-BCCF-04F0-453F-5ADC9493BCC0}.Release|Any CPU.ActiveCfg = Release|Any CPU
		{270A14C3-BCCF-04F0-453F-5ADC9493BCC0}.Release|Any CPU.Build.0 = Release|Any CPU
		{850AF6E7-AD54-41F1-9446-C34EBB09D0F8}.Debug|Any CPU.ActiveCfg = Debug|Any CPU
		{850AF6E7-AD54-41F1-9446-C34EBB09D0F8}.Debug|Any CPU.Build.0 = Debug|Any CPU
		{850AF6E7-AD54-41F1-9446-C34EBB09D0F8}.Release|Any CPU.ActiveCfg = Release|Any CPU
		{850AF6E7-AD54-41F1-9446-C34EBB09D0F8}.Release|Any CPU.Build.0 = Release|Any CPU
		{16FAA3B9-A0CB-4BDB-992D-3D24CE43EC51}.Debug|Any CPU.ActiveCfg = Debug|Any CPU
		{16FAA3B9-A0CB-4BDB-992D-3D24CE43EC51}.Debug|Any CPU.Build.0 = Debug|Any CPU
		{16FAA3B9-A0CB-4BDB-992D-3D24CE43EC51}.Release|Any CPU.ActiveCfg = Release|Any CPU
		{16FAA3B9-A0CB-4BDB-992D-3D24CE43EC51}.Release|Any CPU.Build.0 = Release|Any CPU
		{FB5EA30C-9487-81BA-1F16-2EAE9E30EF21}.Debug|Any CPU.ActiveCfg = Debug|Any CPU
		{FB5EA30C-9487-81BA-1F16-2EAE9E30EF21}.Debug|Any CPU.Build.0 = Debug|Any CPU
		{FB5EA30C-9487-81BA-1F16-2EAE9E30EF21}.Release|Any CPU.ActiveCfg = Release|Any CPU
		{FB5EA30C-9487-81BA-1F16-2EAE9E30EF21}.Release|Any CPU.Build.0 = Release|Any CPU
		{39FC8FC3-DD87-8EAA-45D6-DE638AA98D01}.Debug|Any CPU.ActiveCfg = Debug|Any CPU
		{39FC8FC3-DD87-8EAA-45D6-DE638AA98D01}.Debug|Any CPU.Build.0 = Debug|Any CPU
		{39FC8FC3-DD87-8EAA-45D6-DE638AA98D01}.Release|Any CPU.ActiveCfg = Release|Any CPU
		{39FC8FC3-DD87-8EAA-45D6-DE638AA98D01}.Release|Any CPU.Build.0 = Release|Any CPU
		{5C461F7C-A8AF-5474-3EDC-15E2325476F7}.Debug|Any CPU.ActiveCfg = Debug|Any CPU
		{5C461F7C-A8AF-5474-3EDC-15E2325476F7}.Debug|Any CPU.Build.0 = Debug|Any CPU
		{5C461F7C-A8AF-5474-3EDC-15E2325476F7}.Release|Any CPU.ActiveCfg = Release|Any CPU
		{5C461F7C-A8AF-5474-3EDC-15E2325476F7}.Release|Any CPU.Build.0 = Release|Any CPU
		{DFEDED2F-925E-C9C3-264C-9FB560F5783C}.Debug|Any CPU.ActiveCfg = Debug|Any CPU
		{DFEDED2F-925E-C9C3-264C-9FB560F5783C}.Debug|Any CPU.Build.0 = Debug|Any CPU
		{DFEDED2F-925E-C9C3-264C-9FB560F5783C}.Release|Any CPU.ActiveCfg = Release|Any CPU
		{DFEDED2F-925E-C9C3-264C-9FB560F5783C}.Release|Any CPU.Build.0 = Release|Any CPU
		{D15A5F53-0C17-B227-CE37-F8A2CEDAB390}.Debug|Any CPU.ActiveCfg = Debug|Any CPU
		{D15A5F53-0C17-B227-CE37-F8A2CEDAB390}.Debug|Any CPU.Build.0 = Debug|Any CPU
		{D15A5F53-0C17-B227-CE37-F8A2CEDAB390}.Release|Any CPU.ActiveCfg = Release|Any CPU
		{D15A5F53-0C17-B227-CE37-F8A2CEDAB390}.Release|Any CPU.Build.0 = Release|Any CPU
		{8AAF33AD-2376-7570-523C-38CBF0E3D676}.Debug|Any CPU.ActiveCfg = Debug|Any CPU
		{8AAF33AD-2376-7570-523C-38CBF0E3D676}.Debug|Any CPU.Build.0 = Debug|Any CPU
		{8AAF33AD-2376-7570-523C-38CBF0E3D676}.Release|Any CPU.ActiveCfg = Release|Any CPU
		{8AAF33AD-2376-7570-523C-38CBF0E3D676}.Release|Any CPU.Build.0 = Release|Any CPU
		{775369AA-E851-2797-07F5-50C2D7A0A6EA}.Debug|Any CPU.ActiveCfg = Debug|Any CPU
		{775369AA-E851-2797-07F5-50C2D7A0A6EA}.Debug|Any CPU.Build.0 = Debug|Any CPU
		{775369AA-E851-2797-07F5-50C2D7A0A6EA}.Release|Any CPU.ActiveCfg = Release|Any CPU
		{775369AA-E851-2797-07F5-50C2D7A0A6EA}.Release|Any CPU.Build.0 = Release|Any CPU
		{35F0C489-E4F6-4E5E-99D1-E72D5F38D7BC}.Debug|Any CPU.ActiveCfg = Debug|Any CPU
		{35F0C489-E4F6-4E5E-99D1-E72D5F38D7BC}.Debug|Any CPU.Build.0 = Debug|Any CPU
		{35F0C489-E4F6-4E5E-99D1-E72D5F38D7BC}.Release|Any CPU.ActiveCfg = Release|Any CPU
		{35F0C489-E4F6-4E5E-99D1-E72D5F38D7BC}.Release|Any CPU.Build.0 = Release|Any CPU
		{1DC92871-437B-5A2D-03BF-86443EB429CC}.Debug|Any CPU.ActiveCfg = Debug|Any CPU
		{1DC92871-437B-5A2D-03BF-86443EB429CC}.Debug|Any CPU.Build.0 = Debug|Any CPU
		{1DC92871-437B-5A2D-03BF-86443EB429CC}.Release|Any CPU.ActiveCfg = Release|Any CPU
		{1DC92871-437B-5A2D-03BF-86443EB429CC}.Release|Any CPU.Build.0 = Release|Any CPU
		{BE95F028-EB59-E95C-BCDE-D95F95151F93}.Debug|Any CPU.ActiveCfg = Debug|Any CPU
		{BE95F028-EB59-E95C-BCDE-D95F95151F93}.Debug|Any CPU.Build.0 = Debug|Any CPU
		{BE95F028-EB59-E95C-BCDE-D95F95151F93}.Release|Any CPU.ActiveCfg = Release|Any CPU
		{BE95F028-EB59-E95C-BCDE-D95F95151F93}.Release|Any CPU.Build.0 = Release|Any CPU
		{1648AE7D-0950-825F-EEE9-A8BE9A02BA7E}.Debug|Any CPU.ActiveCfg = Debug|Any CPU
		{1648AE7D-0950-825F-EEE9-A8BE9A02BA7E}.Debug|Any CPU.Build.0 = Debug|Any CPU
		{1648AE7D-0950-825F-EEE9-A8BE9A02BA7E}.Release|Any CPU.ActiveCfg = Release|Any CPU
		{1648AE7D-0950-825F-EEE9-A8BE9A02BA7E}.Release|Any CPU.Build.0 = Release|Any CPU
		{101B7282-8467-F241-4741-813BC421B944}.Debug|Any CPU.ActiveCfg = Debug|Any CPU
		{101B7282-8467-F241-4741-813BC421B944}.Debug|Any CPU.Build.0 = Debug|Any CPU
		{101B7282-8467-F241-4741-813BC421B944}.Release|Any CPU.ActiveCfg = Release|Any CPU
		{101B7282-8467-F241-4741-813BC421B944}.Release|Any CPU.Build.0 = Release|Any CPU
		{22CBBED6-E724-2A76-03D4-D25124DA7102}.Debug|Any CPU.ActiveCfg = Debug|Any CPU
		{22CBBED6-E724-2A76-03D4-D25124DA7102}.Debug|Any CPU.Build.0 = Debug|Any CPU
		{22CBBED6-E724-2A76-03D4-D25124DA7102}.Release|Any CPU.ActiveCfg = Release|Any CPU
		{22CBBED6-E724-2A76-03D4-D25124DA7102}.Release|Any CPU.Build.0 = Release|Any CPU
		{B2C7E2E6-B170-6CCC-F2B6-05644C9D4228}.Debug|Any CPU.ActiveCfg = Debug|Any CPU
		{B2C7E2E6-B170-6CCC-F2B6-05644C9D4228}.Debug|Any CPU.Build.0 = Debug|Any CPU
		{B2C7E2E6-B170-6CCC-F2B6-05644C9D4228}.Release|Any CPU.ActiveCfg = Release|Any CPU
		{B2C7E2E6-B170-6CCC-F2B6-05644C9D4228}.Release|Any CPU.Build.0 = Release|Any CPU
		{3F0F0C5B-DFE3-EE46-78D9-C768D9DA2F16}.Debug|Any CPU.ActiveCfg = Debug|Any CPU
		{3F0F0C5B-DFE3-EE46-78D9-C768D9DA2F16}.Debug|Any CPU.Build.0 = Debug|Any CPU
		{3F0F0C5B-DFE3-EE46-78D9-C768D9DA2F16}.Release|Any CPU.ActiveCfg = Release|Any CPU
		{3F0F0C5B-DFE3-EE46-78D9-C768D9DA2F16}.Release|Any CPU.Build.0 = Release|Any CPU
		{9C292D2E-EA0B-AF90-BBC0-4E3F0643DD8B}.Debug|Any CPU.ActiveCfg = Debug|Any CPU
		{9C292D2E-EA0B-AF90-BBC0-4E3F0643DD8B}.Debug|Any CPU.Build.0 = Debug|Any CPU
		{9C292D2E-EA0B-AF90-BBC0-4E3F0643DD8B}.Release|Any CPU.ActiveCfg = Release|Any CPU
		{9C292D2E-EA0B-AF90-BBC0-4E3F0643DD8B}.Release|Any CPU.Build.0 = Release|Any CPU
		{326E4FDA-AFE1-216B-3BFF-F1AB03B92DFA}.Debug|Any CPU.ActiveCfg = Debug|Any CPU
		{326E4FDA-AFE1-216B-3BFF-F1AB03B92DFA}.Debug|Any CPU.Build.0 = Debug|Any CPU
		{326E4FDA-AFE1-216B-3BFF-F1AB03B92DFA}.Release|Any CPU.ActiveCfg = Release|Any CPU
		{326E4FDA-AFE1-216B-3BFF-F1AB03B92DFA}.Release|Any CPU.Build.0 = Release|Any CPU
		{7D19E772-2D47-D784-306D-0C72828CB8F2}.Debug|Any CPU.ActiveCfg = Debug|Any CPU
		{7D19E772-2D47-D784-306D-0C72828CB8F2}.Debug|Any CPU.Build.0 = Debug|Any CPU
		{7D19E772-2D47-D784-306D-0C72828CB8F2}.Release|Any CPU.ActiveCfg = Release|Any CPU
		{7D19E772-2D47-D784-306D-0C72828CB8F2}.Release|Any CPU.Build.0 = Release|Any CPU
		{B3AC9BB6-AEA3-D60F-CF2B-F82CE0CF5304}.Debug|Any CPU.ActiveCfg = Debug|Any CPU
		{B3AC9BB6-AEA3-D60F-CF2B-F82CE0CF5304}.Debug|Any CPU.Build.0 = Debug|Any CPU
		{B3AC9BB6-AEA3-D60F-CF2B-F82CE0CF5304}.Release|Any CPU.ActiveCfg = Release|Any CPU
		{B3AC9BB6-AEA3-D60F-CF2B-F82CE0CF5304}.Release|Any CPU.Build.0 = Release|Any CPU
		{AF6E0237-E5CD-C660-595D-3C7BAD245730}.Debug|Any CPU.ActiveCfg = Debug|Any CPU
		{AF6E0237-E5CD-C660-595D-3C7BAD245730}.Debug|Any CPU.Build.0 = Debug|Any CPU
		{AF6E0237-E5CD-C660-595D-3C7BAD245730}.Release|Any CPU.ActiveCfg = Release|Any CPU
		{AF6E0237-E5CD-C660-595D-3C7BAD245730}.Release|Any CPU.Build.0 = Release|Any CPU
		{13B24953-6FED-F71A-77F7-F8A60A40128C}.Debug|Any CPU.ActiveCfg = Debug|Any CPU
		{13B24953-6FED-F71A-77F7-F8A60A40128C}.Debug|Any CPU.Build.0 = Debug|Any CPU
		{13B24953-6FED-F71A-77F7-F8A60A40128C}.Release|Any CPU.ActiveCfg = Release|Any CPU
		{13B24953-6FED-F71A-77F7-F8A60A40128C}.Release|Any CPU.Build.0 = Release|Any CPU
		{C817C367-C906-4A0A-A6CD-A5BBD524B475}.Debug|Any CPU.ActiveCfg = Debug|Any CPU
		{C817C367-C906-4A0A-A6CD-A5BBD524B475}.Debug|Any CPU.Build.0 = Debug|Any CPU
		{C817C367-C906-4A0A-A6CD-A5BBD524B475}.Release|Any CPU.ActiveCfg = Release|Any CPU
		{C817C367-C906-4A0A-A6CD-A5BBD524B475}.Release|Any CPU.Build.0 = Release|Any CPU
		{105300D6-D0C9-F4A9-D94B-45B897533F5E}.Debug|Any CPU.ActiveCfg = Debug|Any CPU
		{105300D6-D0C9-F4A9-D94B-45B897533F5E}.Debug|Any CPU.Build.0 = Debug|Any CPU
		{105300D6-D0C9-F4A9-D94B-45B897533F5E}.Release|Any CPU.ActiveCfg = Release|Any CPU
		{105300D6-D0C9-F4A9-D94B-45B897533F5E}.Release|Any CPU.Build.0 = Release|Any CPU
		{8A525780-704F-7049-E771-C1F834B05ADC}.Debug|Any CPU.ActiveCfg = Debug|Any CPU
		{8A525780-704F-7049-E771-C1F834B05ADC}.Debug|Any CPU.Build.0 = Debug|Any CPU
		{8A525780-704F-7049-E771-C1F834B05ADC}.Release|Any CPU.ActiveCfg = Release|Any CPU
		{8A525780-704F-7049-E771-C1F834B05ADC}.Release|Any CPU.Build.0 = Release|Any CPU
		{671F540B-85B1-0E15-D1FB-8F57B5703700}.Debug|Any CPU.ActiveCfg = Debug|Any CPU
		{671F540B-85B1-0E15-D1FB-8F57B5703700}.Debug|Any CPU.Build.0 = Debug|Any CPU
		{671F540B-85B1-0E15-D1FB-8F57B5703700}.Release|Any CPU.ActiveCfg = Release|Any CPU
		{671F540B-85B1-0E15-D1FB-8F57B5703700}.Release|Any CPU.Build.0 = Release|Any CPU
		{6908B2F7-7ABE-D645-7804-CD699E9E3053}.Debug|Any CPU.ActiveCfg = Debug|Any CPU
		{6908B2F7-7ABE-D645-7804-CD699E9E3053}.Debug|Any CPU.Build.0 = Debug|Any CPU
		{6908B2F7-7ABE-D645-7804-CD699E9E3053}.Release|Any CPU.ActiveCfg = Release|Any CPU
		{6908B2F7-7ABE-D645-7804-CD699E9E3053}.Release|Any CPU.Build.0 = Release|Any CPU
		{A36C5628-9B8D-6ECB-8ABC-3738C7892D90}.Debug|Any CPU.ActiveCfg = Debug|Any CPU
		{A36C5628-9B8D-6ECB-8ABC-3738C7892D90}.Debug|Any CPU.Build.0 = Debug|Any CPU
		{A36C5628-9B8D-6ECB-8ABC-3738C7892D90}.Release|Any CPU.ActiveCfg = Release|Any CPU
		{A36C5628-9B8D-6ECB-8ABC-3738C7892D90}.Release|Any CPU.Build.0 = Release|Any CPU
		{D7B618D6-B3FE-4804-D22D-A11A2D9E93D4}.Debug|Any CPU.ActiveCfg = Debug|Any CPU
		{D7B618D6-B3FE-4804-D22D-A11A2D9E93D4}.Debug|Any CPU.Build.0 = Debug|Any CPU
		{D7B618D6-B3FE-4804-D22D-A11A2D9E93D4}.Release|Any CPU.ActiveCfg = Release|Any CPU
		{D7B618D6-B3FE-4804-D22D-A11A2D9E93D4}.Release|Any CPU.Build.0 = Release|Any CPU
		{1255280A-B7DF-8933-BB93-1302212479B0}.Debug|Any CPU.ActiveCfg = Debug|Any CPU
		{1255280A-B7DF-8933-BB93-1302212479B0}.Debug|Any CPU.Build.0 = Debug|Any CPU
		{1255280A-B7DF-8933-BB93-1302212479B0}.Release|Any CPU.ActiveCfg = Release|Any CPU
		{1255280A-B7DF-8933-BB93-1302212479B0}.Release|Any CPU.Build.0 = Release|Any CPU
		{326E8960-B0B4-EDEC-048F-EB51DC85205F}.Debug|Any CPU.ActiveCfg = Debug|Any CPU
		{326E8960-B0B4-EDEC-048F-EB51DC85205F}.Debug|Any CPU.Build.0 = Debug|Any CPU
		{326E8960-B0B4-EDEC-048F-EB51DC85205F}.Release|Any CPU.ActiveCfg = Release|Any CPU
		{326E8960-B0B4-EDEC-048F-EB51DC85205F}.Release|Any CPU.Build.0 = Release|Any CPU
		{7742E29B-CB42-A6C9-C967-86C69013371C}.Debug|Any CPU.ActiveCfg = Debug|Any CPU
		{7742E29B-CB42-A6C9-C967-86C69013371C}.Debug|Any CPU.Build.0 = Debug|Any CPU
		{7742E29B-CB42-A6C9-C967-86C69013371C}.Release|Any CPU.ActiveCfg = Release|Any CPU
		{7742E29B-CB42-A6C9-C967-86C69013371C}.Release|Any CPU.Build.0 = Release|Any CPU
	EndGlobalSection
	GlobalSection(SolutionProperties) = preSolution
		HideSolutionNode = FALSE
	EndGlobalSection
EndGlobal
